// !$*UTF8*$!
{
	archiveVersion = 1;
	classes = {
	};
	objectVersion = 46;
	objects = {

/* Begin PBXBuildFile section */
		3BDE30821BA8AAB8001A43DD /* AppDelegate.swift in Sources */ = {isa = PBXBuildFile; fileRef = 3BDE30811BA8AAB8001A43DD /* AppDelegate.swift */; };
		3BDE30841BA8AAB8001A43DD /* ViewController.swift in Sources */ = {isa = PBXBuildFile; fileRef = 3BDE30831BA8AAB8001A43DD /* ViewController.swift */; };
		3BDE30871BA8AAB9001A43DD /* Main.storyboard in Resources */ = {isa = PBXBuildFile; fileRef = 3BDE30851BA8AAB9001A43DD /* Main.storyboard */; };
		3BDE30891BA8AAB9001A43DD /* Images.xcassets in Resources */ = {isa = PBXBuildFile; fileRef = 3BDE30881BA8AAB9001A43DD /* Images.xcassets */; };
		3BDE308C1BA8AAB9001A43DD /* LaunchScreen.xib in Resources */ = {isa = PBXBuildFile; fileRef = 3BDE308A1BA8AAB9001A43DD /* LaunchScreen.xib */; };
		3BDE30981BA8AAB9001A43DD /* CalculatorTests.swift in Sources */ = {isa = PBXBuildFile; fileRef = 3BDE30971BA8AAB9001A43DD /* CalculatorTests.swift */; };
/* End PBXBuildFile section */

/* Begin PBXContainerItemProxy section */
		3BDE30921BA8AAB9001A43DD /* PBXContainerItemProxy */ = {
			isa = PBXContainerItemProxy;
			containerPortal = 3BDE30741BA8AAB8001A43DD /* Project object */;
			proxyType = 1;
			remoteGlobalIDString = 3BDE307B1BA8AAB8001A43DD;
			remoteInfo = Calculator;
		};
/* End PBXContainerItemProxy section */

/* Begin PBXFileReference section */
		3BDE307C1BA8AAB8001A43DD /* Calculator.app */ = {isa = PBXFileReference; explicitFileType = wrapper.application; includeInIndex = 0; path = Calculator.app; sourceTree = BUILT_PRODUCTS_DIR; };
		3BDE30801BA8AAB8001A43DD /* Info.plist */ = {isa = PBXFileReference; lastKnownFileType = text.plist.xml; path = Info.plist; sourceTree = "<group>"; };
		3BDE30811BA8AAB8001A43DD /* AppDelegate.swift */ = {isa = PBXFileReference; lastKnownFileType = sourcecode.swift; path = AppDelegate.swift; sourceTree = "<group>"; };
		3BDE30831BA8AAB8001A43DD /* ViewController.swift */ = {isa = PBXFileReference; lastKnownFileType = sourcecode.swift; path = ViewController.swift; sourceTree = "<group>"; };
		3BDE30861BA8AAB9001A43DD /* Base */ = {isa = PBXFileReference; lastKnownFileType = file.storyboard; name = Base; path = Base.lproj/Main.storyboard; sourceTree = "<group>"; };
		3BDE30881BA8AAB9001A43DD /* Images.xcassets */ = {isa = PBXFileReference; lastKnownFileType = folder.assetcatalog; path = Images.xcassets; sourceTree = "<group>"; };
		3BDE308B1BA8AAB9001A43DD /* Base */ = {isa = PBXFileReference; lastKnownFileType = file.xib; name = Base; path = Base.lproj/LaunchScreen.xib; sourceTree = "<group>"; };
		3BDE30911BA8AAB9001A43DD /* CalculatorTests.xctest */ = {isa = PBXFileReference; explicitFileType = wrapper.cfbundle; includeInIndex = 0; path = CalculatorTests.xctest; sourceTree = BUILT_PRODUCTS_DIR; };
		3BDE30961BA8AAB9001A43DD /* Info.plist */ = {isa = PBXFileReference; lastKnownFileType = text.plist.xml; path = Info.plist; sourceTree = "<group>"; };
		3BDE30971BA8AAB9001A43DD /* CalculatorTests.swift */ = {isa = PBXFileReference; lastKnownFileType = sourcecode.swift; path = CalculatorTests.swift; sourceTree = "<group>"; };
/* End PBXFileReference section */

/* Begin PBXFrameworksBuildPhase section */
		3BDE30791BA8AAB8001A43DD /* Frameworks */ = {
			isa = PBXFrameworksBuildPhase;
			buildActionMask = 2147483647;
			files = (
			);
			runOnlyForDeploymentPostprocessing = 0;
		};
		3BDE308E1BA8AAB9001A43DD /* Frameworks */ = {
			isa = PBXFrameworksBuildPhase;
			buildActionMask = 2147483647;
			files = (
			);
			runOnlyForDeploymentPostprocessing = 0;
		};
/* End PBXFrameworksBuildPhase section */

/* Begin PBXGroup section */
		3BDE30731BA8AAB8001A43DD = {
			isa = PBXGroup;
			children = (
				3BDE307E1BA8AAB8001A43DD /* Calculator */,
				3BDE30941BA8AAB9001A43DD /* CalculatorTests */,
				3BDE307D1BA8AAB8001A43DD /* Products */,
			);
			sourceTree = "<group>";
		};
		3BDE307D1BA8AAB8001A43DD /* Products */ = {
			isa = PBXGroup;
			children = (
				3BDE307C1BA8AAB8001A43DD /* Calculator.app */,
				3BDE30911BA8AAB9001A43DD /* CalculatorTests.xctest */,
			);
			name = Products;
			sourceTree = "<group>";
		};
		3BDE307E1BA8AAB8001A43DD /* Calculator */ = {
			isa = PBXGroup;
			children = (
				3BDE30831BA8AAB8001A43DD /* ViewController.swift */,
				3BDE30851BA8AAB9001A43DD /* Main.storyboard */,
				3BDE307F1BA8AAB8001A43DD /* Supporting Files */,
			);
			path = Calculator;
			sourceTree = "<group>";
		};
		3BDE307F1BA8AAB8001A43DD /* Supporting Files */ = {
			isa = PBXGroup;
			children = (
				3BDE308A1BA8AAB9001A43DD /* LaunchScreen.xib */,
				3BDE30811BA8AAB8001A43DD /* AppDelegate.swift */,
				3BDE30881BA8AAB9001A43DD /* Images.xcassets */,
				3BDE30801BA8AAB8001A43DD /* Info.plist */,
			);
			name = "Supporting Files";
			sourceTree = "<group>";
		};
		3BDE30941BA8AAB9001A43DD /* CalculatorTests */ = {
			isa = PBXGroup;
			children = (
				3BDE30971BA8AAB9001A43DD /* CalculatorTests.swift */,
				3BDE30951BA8AAB9001A43DD /* Supporting Files */,
			);
			path = CalculatorTests;
			sourceTree = "<group>";
		};
		3BDE30951BA8AAB9001A43DD /* Supporting Files */ = {
			isa = PBXGroup;
			children = (
				3BDE30961BA8AAB9001A43DD /* Info.plist */,
			);
			name = "Supporting Files";
			sourceTree = "<group>";
		};
/* End PBXGroup section */

/* Begin PBXNativeTarget section */
		3BDE307B1BA8AAB8001A43DD /* Calculator */ = {
			isa = PBXNativeTarget;
			buildConfigurationList = 3BDE309B1BA8AAB9001A43DD /* Build configuration list for PBXNativeTarget "Calculator" */;
			buildPhases = (
				3BDE30781BA8AAB8001A43DD /* Sources */,
				3BDE30791BA8AAB8001A43DD /* Frameworks */,
				3BDE307A1BA8AAB8001A43DD /* Resources */,
			);
			buildRules = (
			);
			dependencies = (
			);
			name = Calculator;
			productName = Calculator;
			productReference = 3BDE307C1BA8AAB8001A43DD /* Calculator.app */;
			productType = "com.apple.product-type.application";
		};
		3BDE30901BA8AAB9001A43DD /* CalculatorTests */ = {
			isa = PBXNativeTarget;
			buildConfigurationList = 3BDE309E1BA8AAB9001A43DD /* Build configuration list for PBXNativeTarget "CalculatorTests" */;
			buildPhases = (
				3BDE308D1BA8AAB9001A43DD /* Sources */,
				3BDE308E1BA8AAB9001A43DD /* Frameworks */,
				3BDE308F1BA8AAB9001A43DD /* Resources */,
			);
			buildRules = (
			);
			dependencies = (
				3BDE30931BA8AAB9001A43DD /* PBXTargetDependency */,
			);
			name = CalculatorTests;
			productName = CalculatorTests;
			productReference = 3BDE30911BA8AAB9001A43DD /* CalculatorTests.xctest */;
			productType = "com.apple.product-type.bundle.unit-test";
		};
/* End PBXNativeTarget section */

/* Begin PBXProject section */
		3BDE30741BA8AAB8001A43DD /* Project object */ = {
			isa = PBXProject;
			attributes = {
				LastUpgradeCheck = 0640;
				ORGANIZATIONNAME = "Leticia Sanchez";
				TargetAttributes = {
					3BDE307B1BA8AAB8001A43DD = {
						CreatedOnToolsVersion = 6.4;
					};
					3BDE30901BA8AAB9001A43DD = {
						CreatedOnToolsVersion = 6.4;
						TestTargetID = 3BDE307B1BA8AAB8001A43DD;
					};
				};
			};
			buildConfigurationList = 3BDE30771BA8AAB8001A43DD /* Build configuration list for PBXProject "Calculator" */;
			compatibilityVersion = "Xcode 3.2";
			developmentRegion = English;
			hasScannedForEncodings = 0;
			knownRegions = (
				en,
				Base,
			);
			mainGroup = 3BDE30731BA8AAB8001A43DD;
			productRefGroup = 3BDE307D1BA8AAB8001A43DD /* Products */;
			projectDirPath = "";
			projectRoot = "";
			targets = (
				3BDE307B1BA8AAB8001A43DD /* Calculator */,
				3BDE30901BA8AAB9001A43DD /* CalculatorTests */,
			);
		};
/* End PBXProject section */

/* Begin PBXResourcesBuildPhase section */
		3BDE307A1BA8AAB8001A43DD /* Resources */ = {
			isa = PBXResourcesBuildPhase;
			buildActionMask = 2147483647;
			files = (
				3BDE30871BA8AAB9001A43DD /* Main.storyboard in Resources */,
				3BDE308C1BA8AAB9001A43DD /* LaunchScreen.xib in Resources */,
				3BDE30891BA8AAB9001A43DD /* Images.xcassets in Resources */,
			);
			runOnlyForDeploymentPostprocessing = 0;
		};
		3BDE308F1BA8AAB9001A43DD /* Resources */ = {
			isa = PBXResourcesBuildPhase;
			buildActionMask = 2147483647;
			files = (
			);
			runOnlyForDeploymentPostprocessing = 0;
		};
/* End PBXResourcesBuildPhase section */

/* Begin PBXSourcesBuildPhase section */
		3BDE30781BA8AAB8001A43DD /* Sources */ = {
			isa = PBXSourcesBuildPhase;
			buildActionMask = 2147483647;
			files = (
				3BDE30841BA8AAB8001A43DD /* ViewController.swift in Sources */,
				3BDE30821BA8AAB8001A43DD /* AppDelegate.swift in Sources */,
			);
			runOnlyForDeploymentPostprocessing = 0;
		};
		3BDE308D1BA8AAB9001A43DD /* Sources */ = {
			isa = PBXSourcesBuildPhase;
			buildActionMask = 2147483647;
			files = (
				3BDE30981BA8AAB9001A43DD /* CalculatorTests.swift in Sources */,
			);
			runOnlyForDeploymentPostprocessing = 0;
		};
/* End PBXSourcesBuildPhase section */

/* Begin PBXTargetDependency section */
		3BDE30931BA8AAB9001A43DD /* PBXTargetDependency */ = {
			isa = PBXTargetDependency;
			target = 3BDE307B1BA8AAB8001A43DD /* Calculator */;
			targetProxy = 3BDE30921BA8AAB9001A43DD /* PBXContainerItemProxy */;
		};
/* End PBXTargetDependency section */

/* Begin PBXVariantGroup section */
		3BDE30851BA8AAB9001A43DD /* Main.storyboard */ = {
			isa = PBXVariantGroup;
			children = (
				3BDE30861BA8AAB9001A43DD /* Base */,
			);
			name = Main.storyboard;
			sourceTree = "<group>";
		};
		3BDE308A1BA8AAB9001A43DD /* LaunchScreen.xib */ = {
			isa = PBXVariantGroup;
			children = (
				3BDE308B1BA8AAB9001A43DD /* Base */,
			);
			name = LaunchScreen.xib;
			sourceTree = "<group>";
		};
/* End PBXVariantGroup section */

/* Begin XCBuildConfiguration section */
		3BDE30991BA8AAB9001A43DD /* Debug */ = {
			isa = XCBuildConfiguration;
			buildSettings = {
				ALWAYS_SEARCH_USER_PATHS = NO;
				CLANG_CXX_LANGUAGE_STANDARD = "gnu++0x";
				CLANG_CXX_LIBRARY = "libc++";
				CLANG_ENABLE_MODULES = YES;
				CLANG_ENABLE_OBJC_ARC = YES;
				CLANG_WARN_BOOL_CONVERSION = YES;
				CLANG_WARN_CONSTANT_CONVERSION = YES;
				CLANG_WARN_DIRECT_OBJC_ISA_USAGE = YES_ERROR;
				CLANG_WARN_EMPTY_BODY = YES;
				CLANG_WARN_ENUM_CONVERSION = YES;
				CLANG_WARN_INT_CONVERSION = YES;
				CLANG_WARN_OBJC_ROOT_CLASS = YES_ERROR;
				CLANG_WARN_UNREACHABLE_CODE = YES;
				CLANG_WARN__DUPLICATE_METHOD_MATCH = YES;
				"CODE_SIGN_IDENTITY[sdk=iphoneos*]" = "iPhone Developer";
				COPY_PHASE_STRIP = NO;
				DEBUG_INFORMATION_FORMAT = "dwarf-with-dsym";
				ENABLE_STRICT_OBJC_MSGSEND = YES;
				GCC_C_LANGUAGE_STANDARD = gnu99;
				GCC_DYNAMIC_NO_PIC = NO;
				GCC_NO_COMMON_BLOCKS = YES;
				GCC_OPTIMIZATION_LEVEL = 0;
				GCC_PREPROCESSOR_DEFINITIONS = (
					"DEBUG=1",
					"$(inherited)",
				);
				GCC_SYMBOLS_PRIVATE_EXTERN = NO;
				GCC_WARN_64_TO_32_BIT_CONVERSION = YES;
				GCC_WARN_ABOUT_RETURN_TYPE = YES_ERROR;
				GCC_WARN_UNDECLARED_SELECTOR = YES;
				GCC_WARN_UNINITIALIZED_AUTOS = YES_AGGRESSIVE;
				GCC_WARN_UNUSED_FUNCTION = YES;
				GCC_WARN_UNUSED_VARIABLE = YES;
				IPHONEOS_DEPLOYMENT_TARGET = 8.4;
				MTL_ENABLE_DEBUG_INFO = YES;
				ONLY_ACTIVE_ARCH = YES;
				SDKROOT = iphoneos;
				SWIFT_OPTIMIZATION_LEVEL = "-Onone";
				TARGETED_DEVICE_FAMILY = "1,2";
			};
			name = Debug;
		};
		3BDE309A1BA8AAB9001A43DD /* Release */ = {
			isa = XCBuildConfiguration;
			buildSettings = {
				ALWAYS_SEARCH_USER_PATHS = NO;
				CLANG_CXX_LANGUAGE_STANDARD = "gnu++0x";
				CLANG_CXX_LIBRARY = "libc++";
				CLANG_ENABLE_MODULES = YES;
				CLANG_ENABLE_OBJC_ARC = YES;
				CLANG_WARN_BOOL_CONVERSION = YES;
				CLANG_WARN_CONSTANT_CONVERSION = YES;
				CLANG_WARN_DIRECT_OBJC_ISA_USAGE = YES_ERROR;
				CLANG_WARN_EMPTY_BODY = YES;
				CLANG_WARN_ENUM_CONVERSION = YES;
				CLANG_WARN_INT_CONVERSION = YES;
				CLANG_WARN_OBJC_ROOT_CLASS = YES_ERROR;
				CLANG_WARN_UNREACHABLE_CODE = YES;
				CLANG_WARN__DUPLICATE_METHOD_MATCH = YES;
				"CODE_SIGN_IDENTITY[sdk=iphoneos*]" = "iPhone Developer";
				COPY_PHASE_STRIP = NO;
				DEBUG_INFORMATION_FORMAT = "dwarf-with-dsym";
				ENABLE_NS_ASSERTIONS = NO;
				ENABLE_STRICT_OBJC_MSGSEND = YES;
				GCC_C_LANGUAGE_STANDARD = gnu99;
				GCC_NO_COMMON_BLOCKS = YES;
				GCC_WARN_64_TO_32_BIT_CONVERSION = YES;
				GCC_WARN_ABOUT_RETURN_TYPE = YES_ERROR;
				GCC_WARN_UNDECLARED_SELECTOR = YES;
				GCC_WARN_UNINITIALIZED_AUTOS = YES_AGGRESSIVE;
				GCC_WARN_UNUSED_FUNCTION = YES;
				GCC_WARN_UNUSED_VARIABLE = YES;
				IPHONEOS_DEPLOYMENT_TARGET = 8.4;
				MTL_ENABLE_DEBUG_INFO = NO;
				SDKROOT = iphoneos;
				TARGETED_DEVICE_FAMILY = "1,2";
				VALIDATE_PRODUCT = YES;
			};
			name = Release;
		};
		3BDE309C1BA8AAB9001A43DD /* Debug */ = {
			isa = XCBuildConfiguration;
			buildSettings = {
				ASSETCATALOG_COMPILER_APPICON_NAME = AppIcon;
				INFOPLIST_FILE = Calculator/Info.plist;
				LD_RUNPATH_SEARCH_PATHS = "$(inherited) @executable_path/Frameworks";
				PRODUCT_NAME = "$(TARGET_NAME)";
			};
			name = Debug;
		};
		3BDE309D1BA8AAB9001A43DD /* Release */ = {
			isa = XCBuildConfiguration;
			buildSettings = {
				ASSETCATALOG_COMPILER_APPICON_NAME = AppIcon;
				INFOPLIST_FILE = Calculator/Info.plist;
				LD_RUNPATH_SEARCH_PATHS = "$(inherited) @executable_path/Frameworks";
				PRODUCT_NAME = "$(TARGET_NAME)";
			};
			name = Release;
		};
		3BDE309F1BA8AAB9001A43DD /* Debug */ = {
			isa = XCBuildConfiguration;
			buildSettings = {
				BUNDLE_LOADER = "$(TEST_HOST)";
				FRAMEWORK_SEARCH_PATHS = (
					"$(SDKROOT)/Developer/Library/Frameworks",
					"$(inherited)",
				);
				GCC_PREPROCESSOR_DEFINITIONS = (
					"DEBUG=1",
					"$(inherited)",
				);
				INFOPLIST_FILE = CalculatorTests/Info.plist;
				LD_RUNPATH_SEARCH_PATHS = "$(inherited) @executable_path/Frameworks @loader_path/Frameworks";
				PRODUCT_NAME = "$(TARGET_NAME)";
				TEST_HOST = "$(BUILT_PRODUCTS_DIR)/Calculator.app/Calculator";
			};
			name = Debug;
		};
		3BDE30A01BA8AAB9001A43DD /* Release */ = {
			isa = XCBuildConfiguration;
			buildSettings = {
				BUNDLE_LOADER = "$(TEST_HOST)";
				FRAMEWORK_SEARCH_PATHS = (
					"$(SDKROOT)/Developer/Library/Frameworks",
					"$(inherited)",
				);
				INFOPLIST_FILE = CalculatorTests/Info.plist;
				LD_RUNPATH_SEARCH_PATHS = "$(inherited) @executable_path/Frameworks @loader_path/Frameworks";
				PRODUCT_NAME = "$(TARGET_NAME)";
				TEST_HOST = "$(BUILT_PRODUCTS_DIR)/Calculator.app/Calculator";
			};
			name = Release;
		};
/* End XCBuildConfiguration section */

/* Begin XCConfigurationList section */
		3BDE30771BA8AAB8001A43DD /* Build configuration list for PBXProject "Calculator" */ = {
			isa = XCConfigurationList;
			buildConfigurations = (
				3BDE30991BA8AAB9001A43DD /* Debug */,
				3BDE309A1BA8AAB9001A43DD /* Release */,
			);
			defaultConfigurationIsVisible = 0;
			defaultConfigurationName = Release;
		};
		3BDE309B1BA8AAB9001A43DD /* Build configuration list for PBXNativeTarget "Calculator" */ = {
			isa = XCConfigurationList;
			buildConfigurations = (
				3BDE309C1BA8AAB9001A43DD /* Debug */,
				3BDE309D1BA8AAB9001A43DD /* Release */,
			);
			defaultConfigurationIsVisible = 0;
		};
		3BDE309E1BA8AAB9001A43DD /* Build configuration list for PBXNativeTarget "CalculatorTests" */ = {
			isa = XCConfigurationList;
			buildConfigurations = (
				3BDE309F1BA8AAB9001A43DD /* Debug */,
				3BDE30A01BA8AAB9001A43DD /* Release */,
			);
			defaultConfigurationIsVisible = 0;
		};
/* End XCConfigurationList section */
	};
	rootObject = 3BDE30741BA8AAB8001A43DD /* Project object */;
}
